
Microsoft Visual Studio Solution File, Format Version 12.00
# Visual Studio Version 17
VisualStudioVersion = 17.1.31903.286
MinimumVisualStudioVersion = 10.0.40219.1
Project("{FAE04EC0-301F-11D3-BF4B-00C04F79EFBC}") = "Calculator.Webapi", "Calculator.Webapi\Calculator.Webapi.csproj", "{B984E17C-2B66-4B2F-B342-44379392B737}"
EndProject
Project("{FAE04EC0-301F-11D3-BF4B-00C04F79EFBC}") = "Calculator.Core", "Calculator.Core\Calculator.Core.csproj", "{1FE0AC05-DB8C-4838-91CF-F8A383BE75B4}"
EndProject
Global
	GlobalSection(SolutionConfigurationPlatforms) = preSolution
		Debug|Any CPU = Debug|Any CPU
		Release|Any CPU = Release|Any CPU
	EndGlobalSection
	GlobalSection(ProjectConfigurationPlatforms) = postSolution
		{B984E17C-2B66-4B2F-B342-44379392B737}.Debug|Any CPU.ActiveCfg = Debug|Any CPU
		{B984E17C-2B66-4B2F-B342-44379392B737}.Debug|Any CPU.Build.0 = Debug|Any CPU
		{B984E17C-2B66-4B2F-B342-44379392B737}.Release|Any CPU.ActiveCfg = Release|Any CPU
		{B984E17C-2B66-4B2F-B342-44379392B737}.Release|Any CPU.Build.0 = Release|Any CPU
		{1FE0AC05-DB8C-4838-91CF-F8A383BE75B4}.Debug|Any CPU.ActiveCfg = Debug|Any CPU
		{1FE0AC05-DB8C-4838-91CF-F8A383BE75B4}.Debug|Any CPU.Build.0 = Debug|Any CPU
		{1FE0AC05-DB8C-4838-91CF-F8A383BE75B4}.Release|Any CPU.ActiveCfg = Release|Any CPU
		{1FE0AC05-DB8C-4838-91CF-F8A383BE75B4}.Release|Any CPU.Build.0 = Release|Any CPU
	EndGlobalSection
	GlobalSection(SolutionProperties) = preSolution
		HideSolutionNode = FALSE
	EndGlobalSection
	GlobalSection(ExtensibilityGlobals) = postSolution
		SolutionGuid = {2E704F93-236B-4AE7-91BB-DD625662E4D3}
	EndGlobalSection
EndGlobal
